
Microsoft Visual Studio Solution File, Format Version 11.00
# Visual C++ Express 2010
Project("{8BC9CEB8-8B4A-11D0-8D11-00A0C91BC942}") = "cg-t3", "cg-t3.vcxproj", "{4A88BA94-DC14-453E-A9E6-0F3BCE8E78AF}"
EndProject
Global
	GlobalSection(SolutionConfigurationPlatforms) = preSolution
		Debug|Win32 = Debug|Win32
		Release|Win32 = Release|Win32
	EndGlobalSection
	GlobalSection(ProjectConfigurationPlatforms) = postSolution
		{4A88BA94-DC14-453E-A9E6-0F3BCE8E78AF}.Debug|Win32.ActiveCfg = Debug|Win32
		{4A88BA94-DC14-453E-A9E6-0F3BCE8E78AF}.Debug|Win32.Build.0 = Debug|Win32
		{4A88BA94-DC14-453E-A9E6-0F3BCE8E78AF}.Release|Win32.ActiveCfg = Release|Win32
		{4A88BA94-DC14-453E-A9E6-0F3BCE8E78AF}.Release|Win32.Build.0 = Release|Win32
	EndGlobalSection
	GlobalSection(SolutionProperties) = preSolution
		HideSolutionNode = FALSE
	EndGlobalSection
EndGlobal
