<?xml version="1.0" encoding="utf-8"?>
<Project ToolsVersion="4.0" xmlns="http://schemas.microsoft.com/developer/msbuild/2003">
  <ItemGroup>
    <Filter Include="Source Files">
      <UniqueIdentifier>{4FC737F1-C7A5-4376-A066-2A32D752A2FF}</UniqueIdentifier>
      <Extensions>cpp;c;cc;cxx;def;odl;idl;hpj;bat;asm;asmx</Extensions>
    </Filter>
    <Filter Include="Header Files">
      <UniqueIdentifier>{93995380-89BD-4b04-88EB-625FBE52EBFB}</UniqueIdentifier>
      <Extensions>h;hpp;hxx;hm;inl;inc;xsd</Extensions>
    </Filter>
    <Filter Include="Resource Files">
      <UniqueIdentifier>{67DA6AB6-F800-4c08-8B7A-83BB121AAD01}</UniqueIdentifier>
      <Extensions>rc;ico;cur;bmp;dlg;rc2;rct;bin;rgs;gif;jpg;jpeg;jpe;resx;tiff;tif;png;wav;mfcribbon-ms</Extensions>
    </Filter>
    <Filter Include="Header Files\GUI">
      <UniqueIdentifier>{88cf2212-9425-45ea-a101-9f5a449de9d3}</UniqueIdentifier>
    </Filter>
    <Filter Include="Header Files\GUI\Sidebar">
      <UniqueIdentifier>{383af3fc-8d5d-4d27-a982-07078ce06909}</UniqueIdentifier>
    </Filter>
    <Filter Include="Source Files\GUI">
      <UniqueIdentifier>{13f6f25b-eac8-472c-981b-10bb2a8e5955}</UniqueIdentifier>
    </Filter>
    <Filter Include="Header Files\Core">
      <UniqueIdentifier>{0525a107-075f-4da6-a3cd-222c29e58f8c}</UniqueIdentifier>
    </Filter>
    <Filter Include="Header Files\GUI\Canvas">
      <UniqueIdentifier>{dc274983-3464-4105-9aea-015835f2b4eb}</UniqueIdentifier>
    </Filter>
    <Filter Include="Source Files\GUI\Canvas">
      <UniqueIdentifier>{8acfdd10-5e47-4237-85ce-ca32397d8307}</UniqueIdentifier>
    </Filter>
    <Filter Include="Header Files\Util">
      <UniqueIdentifier>{ceb4a47c-71ee-452f-bccd-149feb0135ef}</UniqueIdentifier>
    </Filter>
    <Filter Include="Source Files\Util">
      <UniqueIdentifier>{07bcdeb5-8946-49d4-a160-c919768896ee}</UniqueIdentifier>
    </Filter>
    <Filter Include="Header Files\GUI\math">
      <UniqueIdentifier>{8b8635ff-6f08-4390-9e53-cff3774c5a34}</UniqueIdentifier>
    </Filter>
    <Filter Include="Header Files\GUI\Canvas\Model">
      <UniqueIdentifier>{1c110ba6-2c7d-488c-b42c-3665cb4d1442}</UniqueIdentifier>
    </Filter>
  </ItemGroup>
  <ItemGroup>
    <ClCompile Include="..\src\main.cpp">
      <Filter>Source Files</Filter>
    </ClCompile>
    <ClCompile Include="..\src\GUI\MainWindow.cpp">
      <Filter>Source Files\GUI</Filter>
    </ClCompile>
    <ClCompile Include="..\src\GUI\Canvas\Canvas.cpp">
      <Filter>Source Files\GUI\Canvas</Filter>
    </ClCompile>
    <ClCompile Include="..\src\GUI\Canvas\Camera.cpp">
      <Filter>Source Files\GUI\Canvas</Filter>
    </ClCompile>
    <ClCompile Include="..\src\Util\ModelViewMatrixStack.cpp">
      <Filter>Source Files\Util</Filter>
    </ClCompile>
    <ClCompile Include="..\src\GUI\Canvas\Projection.cpp">
      <Filter>Source Files\GUI\Canvas</Filter>
    </ClCompile>
  </ItemGroup>
  <ItemGroup>
    <ClInclude Include="..\include\macros.h">
      <Filter>Header Files</Filter>
    </ClInclude>
    <ClInclude Include="..\include\GUI\Sidebar\Sidebar.h">
      <Filter>Header Files\GUI\Sidebar</Filter>
    </ClInclude>
    <ClInclude Include="..\include\GUI\MainWindow.h">
      <Filter>Header Files\GUI</Filter>
    </ClInclude>
    <ClInclude Include="..\include\Core\Matrix.hpp">
      <Filter>Header Files\Core</Filter>
    </ClInclude>
    <ClInclude Include="..\include\Core\matrix_functions.hpp">
      <Filter>Header Files\Core</Filter>
    </ClInclude>
    <ClInclude Include="..\include\Core\Vector.hpp">
      <Filter>Header Files\Core</Filter>
    </ClInclude>
    <ClInclude Include="..\include\GUI\Canvas\Canvas.h">
      <Filter>Header Files\GUI\Canvas</Filter>
    </ClInclude>
    <ClInclude Include="..\include\GUI\Canvas\Camera.h">
      <Filter>Header Files\GUI\Canvas</Filter>
    </ClInclude>
    <ClInclude Include="..\include\Util\ModelViewMatrixStack.h">
      <Filter>Header Files\Util</Filter>
    </ClInclude>
    <ClInclude Include="..\include\math\Bezier.hpp">
      <Filter>Header Files\GUI\math</Filter>
    </ClInclude>
    <ClInclude Include="..\include\math\math_aux.hpp">
      <Filter>Header Files\GUI\math</Filter>
    </ClInclude>
    <ClInclude Include="..\include\math\BezierSurface.h">
      <Filter>Header Files\GUI\math</Filter>
    </ClInclude>
    <ClInclude Include="..\include\Model\Cube.hpp">
      <Filter>Header Files\GUI\Canvas\Model</Filter>
    </ClInclude>
    <ClInclude Include="..\include\Model\Sphere.hpp">
      <Filter>Header Files\GUI\Canvas\Model</Filter>
    </ClInclude>
    <ClInclude Include="..\include\GUI\Canvas\Projection.h">
      <Filter>Header Files\GUI\Canvas</Filter>
    </ClInclude>
  </ItemGroup>
</Project>